
Microsoft Visual Studio Solution File, Format Version 12.00
# Visual Studio Version 16
VisualStudioVersion = 16.0.30717.126
MinimumVisualStudioVersion = 10.0.40219.1
Project("{FAE04EC0-301F-11D3-BF4B-00C04F79EFBC}") = "ToDoListBlazorWasm", "ToDoListBlazorWasm\ToDoListBlazorWasm.csproj", "{37F1FAE3-6A1D-4391-9F8B-26858DB99F05}"
EndProject
Global
	GlobalSection(SolutionConfigurationPlatforms) = preSolution
		Debug|Any CPU = Debug|Any CPU
		Release|Any CPU = Release|Any CPU
	EndGlobalSection
	GlobalSection(ProjectConfigurationPlatforms) = postSolution
		{37F1FAE3-6A1D-4391-9F8B-26858DB99F05}.Debug|Any CPU.ActiveCfg = Debug|Any CPU
		{37F1FAE3-6A1D-4391-9F8B-26858DB99F05}.Debug|Any CPU.Build.0 = Debug|Any CPU
		{37F1FAE3-6A1D-4391-9F8B-26858DB99F05}.Release|Any CPU.ActiveCfg = Release|Any CPU
		{37F1FAE3-6A1D-4391-9F8B-26858DB99F05}.Release|Any CPU.Build.0 = Release|Any CPU
	EndGlobalSection
	GlobalSection(SolutionProperties) = preSolution
		HideSolutionNode = FALSE
	EndGlobalSection
	GlobalSection(ExtensibilityGlobals) = postSolution
		SolutionGuid = {5AFB7022-98B6-4B96-8B64-8D859644DDA7}
	EndGlobalSection
EndGlobal
